
Microsoft Visual Studio Solution File, Format Version 12.00
# Visual Studio Version 17
VisualStudioVersion = 17.14.36804.6
MinimumVisualStudioVersion = 10.0.40219.1
Project("{54A90642-561A-4BB1-A94E-469ADEE60C69}") = "reactproject.client", "reactproject.client\reactproject.client.esproj", "{278D63A8-E54A-8464-8725-590C6AF847E3}"
EndProject
Project("{FAE04EC0-301F-11D3-BF4B-00C04F79EFBC}") = "ReactProject.Server", "ReactProject.Server\ReactProject.Server.csproj", "{85AED777-84E4-4017-A165-4B18D6D8342E}"
EndProject
Project("{FAE04EC0-301F-11D3-BF4B-00C04F79EFBC}") = "DataAccessLayer", "DataAccessLayer\DataAccessLayer.csproj", "{BAFA677D-1619-4445-8BD9-3003E40DE433}"
EndProject
Global
	GlobalSection(SolutionConfigurationPlatforms) = preSolution
		Debug|Any CPU = Debug|Any CPU
		Release|Any CPU = Release|Any CPU
	EndGlobalSection
	GlobalSection(ProjectConfigurationPlatforms) = postSolution
		{278D63A8-E54A-8464-8725-590C6AF847E3}.Debug|Any CPU.ActiveCfg = Debug|Any CPU
		{278D63A8-E54A-8464-8725-590C6AF847E3}.Debug|Any CPU.Build.0 = Debug|Any CPU
		{278D63A8-E54A-8464-8725-590C6AF847E3}.Debug|Any CPU.Deploy.0 = Debug|Any CPU
		{278D63A8-E54A-8464-8725-590C6AF847E3}.Release|Any CPU.ActiveCfg = Release|Any CPU
		{278D63A8-E54A-8464-8725-590C6AF847E3}.Release|Any CPU.Build.0 = Release|Any CPU
		{278D63A8-E54A-8464-8725-590C6AF847E3}.Release|Any CPU.Deploy.0 = Release|Any CPU
		{85AED777-84E4-4017-A165-4B18D6D8342E}.Debug|Any CPU.ActiveCfg = Debug|Any CPU
		{85AED777-84E4-4017-A165-4B18D6D8342E}.Debug|Any CPU.Build.0 = Debug|Any CPU
		{85AED777-84E4-4017-A165-4B18D6D8342E}.Release|Any CPU.ActiveCfg = Release|Any CPU
		{85AED777-84E4-4017-A165-4B18D6D8342E}.Release|Any CPU.Build.0 = Release|Any CPU
		{BAFA677D-1619-4445-8BD9-3003E40DE433}.Debug|Any CPU.ActiveCfg = Debug|Any CPU
		{BAFA677D-1619-4445-8BD9-3003E40DE433}.Debug|Any CPU.Build.0 = Debug|Any CPU
		{BAFA677D-1619-4445-8BD9-3003E40DE433}.Release|Any CPU.ActiveCfg = Release|Any CPU
		{BAFA677D-1619-4445-8BD9-3003E40DE433}.Release|Any CPU.Build.0 = Release|Any CPU
	EndGlobalSection
	GlobalSection(SolutionProperties) = preSolution
		HideSolutionNode = FALSE
	EndGlobalSection
	GlobalSection(ExtensibilityGlobals) = postSolution
		SolutionGuid = {5054D569-3F10-428B-9F0A-A64D16684B8C}
	EndGlobalSection
EndGlobal
